// !$*UTF8*$!
{
	archiveVersion = 1;
	classes = {
	};
	objectVersion = 46;
	objects = {

/* Begin PBXBuildFile section */
		101003C419518B2200741468 /* AppDelegate.swift in Sources */ = {isa = PBXBuildFile; fileRef = 101003C319518B2200741468 /* AppDelegate.swift */; };
		101003C719518B2200741468 /* SwiftDemo.xcdatamodeld in Sources */ = {isa = PBXBuildFile; fileRef = 101003C519518B2200741468 /* SwiftDemo.xcdatamodeld */; };
		101003C919518B2200741468 /* ViewController.swift in Sources */ = {isa = PBXBuildFile; fileRef = 101003C819518B2200741468 /* ViewController.swift */; };
		101003CC19518B2200741468 /* Main.storyboard in Resources */ = {isa = PBXBuildFile; fileRef = 101003CA19518B2200741468 /* Main.storyboard */; };
		101003CE19518B2200741468 /* Images.xcassets in Resources */ = {isa = PBXBuildFile; fileRef = 101003CD19518B2200741468 /* Images.xcassets */; };
		101003DA19518B2200741468 /* SwiftDemoTests.swift in Sources */ = {isa = PBXBuildFile; fileRef = 101003D919518B2200741468 /* SwiftDemoTests.swift */; };
		101003E41951924F00741468 /* one.png in Resources */ = {isa = PBXBuildFile; fileRef = 101003E31951924F00741468 /* one.png */; };
		101003E6195196C600741468 /* QuartzCore.framework in Frameworks */ = {isa = PBXBuildFile; fileRef = 101003E5195196C600741468 /* QuartzCore.framework */; };
/* End PBXBuildFile section */

/* Begin PBXContainerItemProxy section */
		101003D419518B2200741468 /* PBXContainerItemProxy */ = {
			isa = PBXContainerItemProxy;
			containerPortal = 101003B619518B2200741468 /* Project object */;
			proxyType = 1;
			remoteGlobalIDString = 101003BD19518B2200741468;
			remoteInfo = SwiftDemo;
		};
/* End PBXContainerItemProxy section */

/* Begin PBXFileReference section */
		101003BE19518B2200741468 /* DamuSwiftDemo.app */ = {isa = PBXFileReference; explicitFileType = wrapper.application; includeInIndex = 0; path = DamuSwiftDemo.app; sourceTree = BUILT_PRODUCTS_DIR; };
		101003C219518B2200741468 /* Info.plist */ = {isa = PBXFileReference; lastKnownFileType = text.plist.xml; path = Info.plist; sourceTree = "<group>"; };
		101003C319518B2200741468 /* AppDelegate.swift */ = {isa = PBXFileReference; lastKnownFileType = sourcecode.swift; path = AppDelegate.swift; sourceTree = "<group>"; };
		101003C619518B2200741468 /* SwiftDemo.xcdatamodel */ = {isa = PBXFileReference; lastKnownFileType = wrapper.xcdatamodel; path = SwiftDemo.xcdatamodel; sourceTree = "<group>"; };
		101003C819518B2200741468 /* ViewController.swift */ = {isa = PBXFileReference; lastKnownFileType = sourcecode.swift; path = ViewController.swift; sourceTree = "<group>"; };
		101003CB19518B2200741468 /* Base */ = {isa = PBXFileReference; lastKnownFileType = file.storyboard; name = Base; path = Base.lproj/Main.storyboard; sourceTree = "<group>"; };
		101003CD19518B2200741468 /* Images.xcassets */ = {isa = PBXFileReference; lastKnownFileType = folder.assetcatalog; path = Images.xcassets; sourceTree = "<group>"; };
		101003D319518B2200741468 /* DamuSwiftDemoTests.xctest */ = {isa = PBXFileReference; explicitFileType = wrapper.cfbundle; includeInIndex = 0; path = DamuSwiftDemoTests.xctest; sourceTree = BUILT_PRODUCTS_DIR; };
		101003D819518B2200741468 /* Info.plist */ = {isa = PBXFileReference; lastKnownFileType = text.plist.xml; path = Info.plist; sourceTree = "<group>"; };
		101003D919518B2200741468 /* SwiftDemoTests.swift */ = {isa = PBXFileReference; lastKnownFileType = sourcecode.swift; path = SwiftDemoTests.swift; sourceTree = "<group>"; };
		101003E31951924F00741468 /* one.png */ = {isa = PBXFileReference; lastKnownFileType = image.png; path = one.png; sourceTree = "<group>"; };
		101003E5195196C600741468 /* QuartzCore.framework */ = {isa = PBXFileReference; lastKnownFileType = wrapper.framework; name = QuartzCore.framework; path = System/Library/Frameworks/QuartzCore.framework; sourceTree = SDKROOT; };
/* End PBXFileReference section */

/* Begin PBXFrameworksBuildPhase section */
		101003BB19518B2200741468 /* Frameworks */ = {
			isa = PBXFrameworksBuildPhase;
			buildActionMask = 2147483647;
			files = (
				101003E6195196C600741468 /* QuartzCore.framework in Frameworks */,
			);
			runOnlyForDeploymentPostprocessing = 0;
		};
		101003D019518B2200741468 /* Frameworks */ = {
			isa = PBXFrameworksBuildPhase;
			buildActionMask = 2147483647;
			files = (
			);
			runOnlyForDeploymentPostprocessing = 0;
		};
/* End PBXFrameworksBuildPhase section */

/* Begin PBXGroup section */
		101003B519518B2200741468 = {
			isa = PBXGroup;
			children = (
				101003E5195196C600741468 /* QuartzCore.framework */,
				101003C019518B2200741468 /* SwiftDemo */,
				101003D619518B2200741468 /* SwiftDemoTests */,
				101003BF19518B2200741468 /* Products */,
			);
			sourceTree = "<group>";
		};
		101003BF19518B2200741468 /* Products */ = {
			isa = PBXGroup;
			children = (
				101003BE19518B2200741468 /* DamuSwiftDemo.app */,
				101003D319518B2200741468 /* DamuSwiftDemoTests.xctest */,
			);
			name = Products;
			sourceTree = "<group>";
		};
		101003C019518B2200741468 /* SwiftDemo */ = {
			isa = PBXGroup;
			children = (
				101003C319518B2200741468 /* AppDelegate.swift */,
				101003C819518B2200741468 /* ViewController.swift */,
				101003E31951924F00741468 /* one.png */,
				101003CA19518B2200741468 /* Main.storyboard */,
				101003CD19518B2200741468 /* Images.xcassets */,
				101003C519518B2200741468 /* SwiftDemo.xcdatamodeld */,
				101003C119518B2200741468 /* Supporting Files */,
			);
			path = SwiftDemo;
			sourceTree = "<group>";
		};
		101003C119518B2200741468 /* Supporting Files */ = {
			isa = PBXGroup;
			children = (
				101003C219518B2200741468 /* Info.plist */,
			);
			name = "Supporting Files";
			sourceTree = "<group>";
		};
		101003D619518B2200741468 /* SwiftDemoTests */ = {
			isa = PBXGroup;
			children = (
				101003D919518B2200741468 /* SwiftDemoTests.swift */,
				101003D719518B2200741468 /* Supporting Files */,
			);
			path = SwiftDemoTests;
			sourceTree = "<group>";
		};
		101003D719518B2200741468 /* Supporting Files */ = {
			isa = PBXGroup;
			children = (
				101003D819518B2200741468 /* Info.plist */,
			);
			name = "Supporting Files";
			sourceTree = "<group>";
		};
/* End PBXGroup section */

/* Begin PBXNativeTarget section */
		101003BD19518B2200741468 /* DamuSwiftDemo */ = {
			isa = PBXNativeTarget;
			buildConfigurationList = 101003DD19518B2200741468 /* Build configuration list for PBXNativeTarget "DamuSwiftDemo" */;
			buildPhases = (
				101003BA19518B2200741468 /* Sources */,
				101003BB19518B2200741468 /* Frameworks */,
				101003BC19518B2200741468 /* Resources */,
			);
			buildRules = (
			);
			dependencies = (
			);
			name = DamuSwiftDemo;
			productName = SwiftDemo;
			productReference = 101003BE19518B2200741468 /* DamuSwiftDemo.app */;
			productType = "com.apple.product-type.application";
		};
		101003D219518B2200741468 /* DamuSwiftDemoTests */ = {
			isa = PBXNativeTarget;
			buildConfigurationList = 101003E019518B2200741468 /* Build configuration list for PBXNativeTarget "DamuSwiftDemoTests" */;
			buildPhases = (
				101003CF19518B2200741468 /* Sources */,
				101003D019518B2200741468 /* Frameworks */,
				101003D119518B2200741468 /* Resources */,
			);
			buildRules = (
			);
			dependencies = (
				101003D519518B2200741468 /* PBXTargetDependency */,
			);
			name = DamuSwiftDemoTests;
			productName = SwiftDemoTests;
			productReference = 101003D319518B2200741468 /* DamuSwiftDemoTests.xctest */;
			productType = "com.apple.product-type.bundle.unit-test";
		};
/* End PBXNativeTarget section */

/* Begin PBXProject section */
		101003B619518B2200741468 /* Project object */ = {
			isa = PBXProject;
			attributes = {
				LastUpgradeCheck = 0600;
				ORGANIZATIONNAME = "Namala Damodar";
				TargetAttributes = {
					101003BD19518B2200741468 = {
						CreatedOnToolsVersion = 6.0;
					};
					101003D219518B2200741468 = {
						CreatedOnToolsVersion = 6.0;
						TestTargetID = 101003BD19518B2200741468;
					};
				};
			};
			buildConfigurationList = 101003B919518B2200741468 /* Build configuration list for PBXProject "DamuSwiftDemo" */;
			compatibilityVersion = "Xcode 3.2";
			developmentRegion = English;
			hasScannedForEncodings = 0;
			knownRegions = (
				en,
				Base,
			);
			mainGroup = 101003B519518B2200741468;
			productRefGroup = 101003BF19518B2200741468 /* Products */;
			projectDirPath = "";
			projectRoot = "";
			targets = (
				101003BD19518B2200741468 /* DamuSwiftDemo */,
				101003D219518B2200741468 /* DamuSwiftDemoTests */,
			);
		};
/* End PBXProject section */

/* Begin PBXResourcesBuildPhase section */
		101003BC19518B2200741468 /* Resources */ = {
			isa = PBXResourcesBuildPhase;
			buildActionMask = 2147483647;
			files = (
				101003CC19518B2200741468 /* Main.storyboard in Resources */,
				101003CE19518B2200741468 /* Images.xcassets in Resources */,
				101003E41951924F00741468 /* one.png in Resources */,
			);
			runOnlyForDeploymentPostprocessing = 0;
		};
		101003D119518B2200741468 /* Resources */ = {
			isa = PBXResourcesBuildPhase;
			buildActionMask = 2147483647;
			files = (
			);
			runOnlyForDeploymentPostprocessing = 0;
		};
/* End PBXResourcesBuildPhase section */

/* Begin PBXSourcesBuildPhase section */
		101003BA19518B2200741468 /* Sources */ = {
			isa = PBXSourcesBuildPhase;
			buildActionMask = 2147483647;
			files = (
				101003C919518B2200741468 /* ViewController.swift in Sources */,
				101003C719518B2200741468 /* SwiftDemo.xcdatamodeld in Sources */,
				101003C419518B2200741468 /* AppDelegate.swift in Sources */,
			);
			runOnlyForDeploymentPostprocessing = 0;
		};
		101003CF19518B2200741468 /* Sources */ = {
			isa = PBXSourcesBuildPhase;
			buildActionMask = 2147483647;
			files = (
				101003DA19518B2200741468 /* SwiftDemoTests.swift in Sources */,
			);
			runOnlyForDeploymentPostprocessing = 0;
		};
/* End PBXSourcesBuildPhase section */

/* Begin PBXTargetDependency section */
		101003D519518B2200741468 /* PBXTargetDependency */ = {
			isa = PBXTargetDependency;
			target = 101003BD19518B2200741468 /* DamuSwiftDemo */;
			targetProxy = 101003D419518B2200741468 /* PBXContainerItemProxy */;
		};
/* End PBXTargetDependency section */

/* Begin PBXVariantGroup section */
		101003CA19518B2200741468 /* Main.storyboard */ = {
			isa = PBXVariantGroup;
			children = (
				101003CB19518B2200741468 /* Base */,
			);
			name = Main.storyboard;
			sourceTree = "<group>";
		};
/* End PBXVariantGroup section */

/* Begin XCBuildConfiguration section */
		101003DB19518B2200741468 /* Debug */ = {
			isa = XCBuildConfiguration;
			buildSettings = {
				ALWAYS_SEARCH_USER_PATHS = NO;
				CLANG_CXX_LANGUAGE_STANDARD = "gnu++0x";
				CLANG_CXX_LIBRARY = "libc++";
				CLANG_ENABLE_MODULES = YES;
				CLANG_ENABLE_OBJC_ARC = YES;
				CLANG_WARN_BOOL_CONVERSION = YES;
				CLANG_WARN_CONSTANT_CONVERSION = YES;
				CLANG_WARN_DIRECT_OBJC_ISA_USAGE = YES_ERROR;
				CLANG_WARN_EMPTY_BODY = YES;
				CLANG_WARN_ENUM_CONVERSION = YES;
				CLANG_WARN_INT_CONVERSION = YES;
				CLANG_WARN_OBJC_ROOT_CLASS = YES_ERROR;
				CLANG_WARN_UNREACHABLE_CODE = YES;
				CLANG_WARN__DUPLICATE_METHOD_MATCH = YES;
				"CODE_SIGN_IDENTITY[sdk=iphoneos*]" = "iPhone Developer";
				COPY_PHASE_STRIP = NO;
				ENABLE_STRICT_OBJC_MSGSEND = YES;
				GCC_C_LANGUAGE_STANDARD = gnu99;
				GCC_DYNAMIC_NO_PIC = NO;
				GCC_OPTIMIZATION_LEVEL = 0;
				GCC_PREPROCESSOR_DEFINITIONS = (
					"DEBUG=1",
					"$(inherited)",
				);
				GCC_SYMBOLS_PRIVATE_EXTERN = NO;
				GCC_WARN_64_TO_32_BIT_CONVERSION = YES;
				GCC_WARN_ABOUT_RETURN_TYPE = YES_ERROR;
				GCC_WARN_UNDECLARED_SELECTOR = YES;
				GCC_WARN_UNINITIALIZED_AUTOS = YES_AGGRESSIVE;
				GCC_WARN_UNUSED_FUNCTION = YES;
				GCC_WARN_UNUSED_VARIABLE = YES;
				IPHONEOS_DEPLOYMENT_TARGET = 7.0;
				METAL_ENABLE_DEBUG_INFO = YES;
				ONLY_ACTIVE_ARCH = YES;
				SDKROOT = iphoneos;
				SWIFT_OPTIMIZATION_LEVEL = "-Onone";
			};
			name = Debug;
		};
		101003DC19518B2200741468 /* Release */ = {
			isa = XCBuildConfiguration;
			buildSettings = {
				ALWAYS_SEARCH_USER_PATHS = NO;
				CLANG_CXX_LANGUAGE_STANDARD = "gnu++0x";
				CLANG_CXX_LIBRARY = "libc++";
				CLANG_ENABLE_MODULES = YES;
				CLANG_ENABLE_OBJC_ARC = YES;
				CLANG_WARN_BOOL_CONVERSION = YES;
				CLANG_WARN_CONSTANT_CONVERSION = YES;
				CLANG_WARN_DIRECT_OBJC_ISA_USAGE = YES_ERROR;
				CLANG_WARN_EMPTY_BODY = YES;
				CLANG_WARN_ENUM_CONVERSION = YES;
				CLANG_WARN_INT_CONVERSION = YES;
				CLANG_WARN_OBJC_ROOT_CLASS = YES_ERROR;
				CLANG_WARN_UNREACHABLE_CODE = YES;
				CLANG_WARN__DUPLICATE_METHOD_MATCH = YES;
				"CODE_SIGN_IDENTITY[sdk=iphoneos*]" = "iPhone Developer";
				COPY_PHASE_STRIP = YES;
				ENABLE_NS_ASSERTIONS = NO;
				ENABLE_STRICT_OBJC_MSGSEND = YES;
				GCC_C_LANGUAGE_STANDARD = gnu99;
				GCC_WARN_64_TO_32_BIT_CONVERSION = YES;
				GCC_WARN_ABOUT_RETURN_TYPE = YES_ERROR;
				GCC_WARN_UNDECLARED_SELECTOR = YES;
				GCC_WARN_UNINITIALIZED_AUTOS = YES_AGGRESSIVE;
				GCC_WARN_UNUSED_FUNCTION = YES;
				GCC_WARN_UNUSED_VARIABLE = YES;
				IPHONEOS_DEPLOYMENT_TARGET = 7.0;
				METAL_ENABLE_DEBUG_INFO = NO;
				SDKROOT = iphoneos;
				VALIDATE_PRODUCT = YES;
			};
			name = Release;
		};
		101003DE19518B2200741468 /* Debug */ = {
			isa = XCBuildConfiguration;
			buildSettings = {
				ASSETCATALOG_COMPILER_APPICON_NAME = AppIcon;
				ASSETCATALOG_COMPILER_LAUNCHIMAGE_NAME = LaunchImage;
				INFOPLIST_FILE = SwiftDemo/Info.plist;
				IPHONEOS_DEPLOYMENT_TARGET = 7.0;
				LD_RUNPATH_SEARCH_PATHS = "$(inherited) @executable_path/Frameworks";
				PRODUCT_NAME = DamuSwiftDemo;
			};
			name = Debug;
		};
		101003DF19518B2200741468 /* Release */ = {
			isa = XCBuildConfiguration;
			buildSettings = {
				ASSETCATALOG_COMPILER_APPICON_NAME = AppIcon;
				ASSETCATALOG_COMPILER_LAUNCHIMAGE_NAME = LaunchImage;
				INFOPLIST_FILE = SwiftDemo/Info.plist;
				IPHONEOS_DEPLOYMENT_TARGET = 7.0;
				LD_RUNPATH_SEARCH_PATHS = "$(inherited) @executable_path/Frameworks";
				PRODUCT_NAME = DamuSwiftDemo;
			};
			name = Release;
		};
		101003E119518B2200741468 /* Debug */ = {
			isa = XCBuildConfiguration;
			buildSettings = {
				BUNDLE_LOADER = "$(BUILT_PRODUCTS_DIR)/SwiftDemo.app/SwiftDemo";
				FRAMEWORK_SEARCH_PATHS = (
					"$(SDKROOT)/Developer/Library/Frameworks",
					"$(inherited)",
				);
				GCC_PREPROCESSOR_DEFINITIONS = (
					"DEBUG=1",
					"$(inherited)",
				);
				INFOPLIST_FILE = SwiftDemoTests/Info.plist;
				LD_RUNPATH_SEARCH_PATHS = "$(inherited) @executable_path/Frameworks @loader_path/Frameworks";
				METAL_ENABLE_DEBUG_INFO = YES;
				PRODUCT_NAME = DamuSwiftDemoTests;
				TEST_HOST = "$(BUNDLE_LOADER)";
			};
			name = Debug;
		};
		101003E219518B2200741468 /* Release */ = {
			isa = XCBuildConfiguration;
			buildSettings = {
				BUNDLE_LOADER = "$(BUILT_PRODUCTS_DIR)/SwiftDemo.app/SwiftDemo";
				FRAMEWORK_SEARCH_PATHS = (
					"$(SDKROOT)/Developer/Library/Frameworks",
					"$(inherited)",
				);
				INFOPLIST_FILE = SwiftDemoTests/Info.plist;
				LD_RUNPATH_SEARCH_PATHS = "$(inherited) @executable_path/Frameworks @loader_path/Frameworks";
				METAL_ENABLE_DEBUG_INFO = NO;
				PRODUCT_NAME = DamuSwiftDemoTests;
				TEST_HOST = "$(BUNDLE_LOADER)";
			};
			name = Release;
		};
/* End XCBuildConfiguration section */

/* Begin XCConfigurationList section */
		101003B919518B2200741468 /* Build configuration list for PBXProject "DamuSwiftDemo" */ = {
			isa = XCConfigurationList;
			buildConfigurations = (
				101003DB19518B2200741468 /* Debug */,
				101003DC19518B2200741468 /* Release */,
			);
			defaultConfigurationIsVisible = 0;
			defaultConfigurationName = Release;
		};
		101003DD19518B2200741468 /* Build configuration list for PBXNativeTarget "DamuSwiftDemo" */ = {
			isa = XCConfigurationList;
			buildConfigurations = (
				101003DE19518B2200741468 /* Debug */,
				101003DF19518B2200741468 /* Release */,
			);
			defaultConfigurationIsVisible = 0;
			defaultConfigurationName = Release;
		};
		101003E019518B2200741468 /* Build configuration list for PBXNativeTarget "DamuSwiftDemoTests" */ = {
			isa = XCConfigurationList;
			buildConfigurations = (
				101003E119518B2200741468 /* Debug */,
				101003E219518B2200741468 /* Release */,
			);
			defaultConfigurationIsVisible = 0;
			defaultConfigurationName = Release;
		};
/* End XCConfigurationList section */

/* Begin XCVersionGroup section */
		101003C519518B2200741468 /* SwiftDemo.xcdatamodeld */ = {
			isa = XCVersionGroup;
			children = (
				101003C619518B2200741468 /* SwiftDemo.xcdatamodel */,
			);
			currentVersion = 101003C619518B2200741468 /* SwiftDemo.xcdatamodel */;
			path = SwiftDemo.xcdatamodeld;
			sourceTree = "<group>";
			versionGroupType = wrapper.xcdatamodel;
		};
/* End XCVersionGroup section */
	};
	rootObject = 101003B619518B2200741468 /* Project object */;
}
